
Microsoft Visual Studio Solution File, Format Version 12.00
# Visual Studio Version 18
VisualStudioVersion = 18.0.11222.15
MinimumVisualStudioVersion = 10.0.40219.1
Project("{FAE04EC0-301F-11D3-BF4B-00C04F79EFBC}") = "ServerAPIApp", "ServerAPIApp\ServerAPIApp.csproj", "{4661226C-06A6-48A7-A714-F0AB9DF956F5}"
EndProject
Project("{FAE04EC0-301F-11D3-BF4B-00C04F79EFBC}") = "ServerAPIApp.Core", "ServerAPIApp.Core\ServerAPIApp.Core.csproj", "{1754AA79-D18E-41D0-90C3-647E813AAA3D}"
EndProject
Project("{FAE04EC0-301F-11D3-BF4B-00C04F79EFBC}") = "Shared", "Shared\Shared.csproj", "{1CC55F6C-8103-4065-A52B-5A7D7AED84E7}"
EndProject
Project("{FAE04EC0-301F-11D3-BF4B-00C04F79EFBC}") = "DotNetRunner", "Runners\DotNetRunner\DotNetRunner.csproj", "{A62064AA-E964-5859-6162-C066EDCBF016}"
EndProject
Project("{2150E333-8FDC-42A3-9474-1A3956D46DE8}") = "RunnersOnCSharp", "RunnersOnCSharp", "{36D591C7-65C7-A0D1-1CBC-10CDE441BDC8}"
EndProject
Project("{FAE04EC0-301F-11D3-BF4B-00C04F79EFBC}") = "Runners.Shared", "Runners\Runners.Shared\Runners.Shared.csproj", "{1AB4B64E-01DB-47AC-8D15-57E3EA086F0A}"
EndProject
Project("{FAE04EC0-301F-11D3-BF4B-00C04F79EFBC}") = "NodeJsRunner", "Runners\NodeJsRunner\NodeJsRunner.csproj", "{2D2C3804-628C-48A1-B9FB-31AE6B5BE886}"
EndProject
Project("{FAE04EC0-301F-11D3-BF4B-00C04F79EFBC}") = "TypeScriptRunner", "Runners\TypeScriptRunner\TypeScriptRunner.csproj", "{7090D7C1-8251-48E3-B5DE-C2566EE867B8}"
EndProject
Project("{FAE04EC0-301F-11D3-BF4B-00C04F79EFBC}") = "CompositeRunner", "Runners\CompositeRunner\CompositeRunner.csproj", "{61B3C164-9521-457D-9B8E-81CB78A8F6AA}"
EndProject
Project("{FAE04EC0-301F-11D3-BF4B-00C04F79EFBC}") = "ServerAPIApp.Domain", "ServerAPIApp.Domain\ServerAPIApp.Domain.csproj", "{BCF713B8-091B-4C5B-A514-2FD11318C286}"
EndProject
Project("{FAE04EC0-301F-11D3-BF4B-00C04F79EFBC}") = "ServerAPIApp.Contracts", "ServerAPIApp.Contracts\ServerAPIApp.Contracts.csproj", "{116ECF09-4A4C-499F-8945-8EB9180B5A6A}"
EndProject
Project("{FAE04EC0-301F-11D3-BF4B-00C04F79EFBC}") = "ServerAPIApp.DAL", "ServerAPIAPP.DAL\ServerAPIApp.DAL.csproj", "{A71A841A-F045-4BA0-974F-6374D61F16BE}"
EndProject
Project("{FAE04EC0-301F-11D3-BF4B-00C04F79EFBC}") = "DbSeeder", "DbSeeder\DbSeeder.csproj", "{51D762CE-11E3-4EE8-886A-AD6FDE11FF0B}"
EndProject
Global
	GlobalSection(SolutionConfigurationPlatforms) = preSolution
		Debug|Any CPU = Debug|Any CPU
		Release|Any CPU = Release|Any CPU
	EndGlobalSection
	GlobalSection(ProjectConfigurationPlatforms) = postSolution
		{4661226C-06A6-48A7-A714-F0AB9DF956F5}.Debug|Any CPU.ActiveCfg = Debug|Any CPU
		{4661226C-06A6-48A7-A714-F0AB9DF956F5}.Debug|Any CPU.Build.0 = Debug|Any CPU
		{4661226C-06A6-48A7-A714-F0AB9DF956F5}.Release|Any CPU.ActiveCfg = Release|Any CPU
		{4661226C-06A6-48A7-A714-F0AB9DF956F5}.Release|Any CPU.Build.0 = Release|Any CPU
		{1754AA79-D18E-41D0-90C3-647E813AAA3D}.Debug|Any CPU.ActiveCfg = Debug|Any CPU
		{1754AA79-D18E-41D0-90C3-647E813AAA3D}.Debug|Any CPU.Build.0 = Debug|Any CPU
		{1754AA79-D18E-41D0-90C3-647E813AAA3D}.Release|Any CPU.ActiveCfg = Release|Any CPU
		{1754AA79-D18E-41D0-90C3-647E813AAA3D}.Release|Any CPU.Build.0 = Release|Any CPU
		{1CC55F6C-8103-4065-A52B-5A7D7AED84E7}.Debug|Any CPU.ActiveCfg = Debug|Any CPU
		{1CC55F6C-8103-4065-A52B-5A7D7AED84E7}.Debug|Any CPU.Build.0 = Debug|Any CPU
		{1CC55F6C-8103-4065-A52B-5A7D7AED84E7}.Release|Any CPU.ActiveCfg = Release|Any CPU
		{1CC55F6C-8103-4065-A52B-5A7D7AED84E7}.Release|Any CPU.Build.0 = Release|Any CPU
		{A62064AA-E964-5859-6162-C066EDCBF016}.Debug|Any CPU.ActiveCfg = Debug|Any CPU
		{A62064AA-E964-5859-6162-C066EDCBF016}.Debug|Any CPU.Build.0 = Debug|Any CPU
		{A62064AA-E964-5859-6162-C066EDCBF016}.Release|Any CPU.ActiveCfg = Release|Any CPU
		{A62064AA-E964-5859-6162-C066EDCBF016}.Release|Any CPU.Build.0 = Release|Any CPU
		{1AB4B64E-01DB-47AC-8D15-57E3EA086F0A}.Debug|Any CPU.ActiveCfg = Debug|Any CPU
		{1AB4B64E-01DB-47AC-8D15-57E3EA086F0A}.Debug|Any CPU.Build.0 = Debug|Any CPU
		{1AB4B64E-01DB-47AC-8D15-57E3EA086F0A}.Release|Any CPU.ActiveCfg = Release|Any CPU
		{1AB4B64E-01DB-47AC-8D15-57E3EA086F0A}.Release|Any CPU.Build.0 = Release|Any CPU
		{2D2C3804-628C-48A1-B9FB-31AE6B5BE886}.Debug|Any CPU.ActiveCfg = Debug|Any CPU
		{2D2C3804-628C-48A1-B9FB-31AE6B5BE886}.Debug|Any CPU.Build.0 = Debug|Any CPU
		{2D2C3804-628C-48A1-B9FB-31AE6B5BE886}.Release|Any CPU.ActiveCfg = Release|Any CPU
		{2D2C3804-628C-48A1-B9FB-31AE6B5BE886}.Release|Any CPU.Build.0 = Release|Any CPU
		{7090D7C1-8251-48E3-B5DE-C2566EE867B8}.Debug|Any CPU.ActiveCfg = Debug|Any CPU
		{7090D7C1-8251-48E3-B5DE-C2566EE867B8}.Debug|Any CPU.Build.0 = Debug|Any CPU
		{7090D7C1-8251-48E3-B5DE-C2566EE867B8}.Release|Any CPU.ActiveCfg = Release|Any CPU
		{7090D7C1-8251-48E3-B5DE-C2566EE867B8}.Release|Any CPU.Build.0 = Release|Any CPU
		{61B3C164-9521-457D-9B8E-81CB78A8F6AA}.Debug|Any CPU.ActiveCfg = Debug|Any CPU
		{61B3C164-9521-457D-9B8E-81CB78A8F6AA}.Debug|Any CPU.Build.0 = Debug|Any CPU
		{61B3C164-9521-457D-9B8E-81CB78A8F6AA}.Release|Any CPU.ActiveCfg = Release|Any CPU
		{61B3C164-9521-457D-9B8E-81CB78A8F6AA}.Release|Any CPU.Build.0 = Release|Any CPU
		{BCF713B8-091B-4C5B-A514-2FD11318C286}.Debug|Any CPU.ActiveCfg = Debug|Any CPU
		{BCF713B8-091B-4C5B-A514-2FD11318C286}.Debug|Any CPU.Build.0 = Debug|Any CPU
		{BCF713B8-091B-4C5B-A514-2FD11318C286}.Release|Any CPU.ActiveCfg = Release|Any CPU
		{BCF713B8-091B-4C5B-A514-2FD11318C286}.Release|Any CPU.Build.0 = Release|Any CPU
		{116ECF09-4A4C-499F-8945-8EB9180B5A6A}.Debug|Any CPU.ActiveCfg = Debug|Any CPU
		{116ECF09-4A4C-499F-8945-8EB9180B5A6A}.Debug|Any CPU.Build.0 = Debug|Any CPU
		{116ECF09-4A4C-499F-8945-8EB9180B5A6A}.Release|Any CPU.ActiveCfg = Release|Any CPU
		{116ECF09-4A4C-499F-8945-8EB9180B5A6A}.Release|Any CPU.Build.0 = Release|Any CPU
		{A71A841A-F045-4BA0-974F-6374D61F16BE}.Debug|Any CPU.ActiveCfg = Debug|Any CPU
		{A71A841A-F045-4BA0-974F-6374D61F16BE}.Debug|Any CPU.Build.0 = Debug|Any CPU
		{A71A841A-F045-4BA0-974F-6374D61F16BE}.Release|Any CPU.ActiveCfg = Release|Any CPU
		{A71A841A-F045-4BA0-974F-6374D61F16BE}.Release|Any CPU.Build.0 = Release|Any CPU
		{51D762CE-11E3-4EE8-886A-AD6FDE11FF0B}.Debug|Any CPU.ActiveCfg = Debug|Any CPU
		{51D762CE-11E3-4EE8-886A-AD6FDE11FF0B}.Debug|Any CPU.Build.0 = Debug|Any CPU
		{51D762CE-11E3-4EE8-886A-AD6FDE11FF0B}.Release|Any CPU.ActiveCfg = Release|Any CPU
		{51D762CE-11E3-4EE8-886A-AD6FDE11FF0B}.Release|Any CPU.Build.0 = Release|Any CPU
	EndGlobalSection
	GlobalSection(SolutionProperties) = preSolution
		HideSolutionNode = FALSE
	EndGlobalSection
	GlobalSection(NestedProjects) = preSolution
		{A62064AA-E964-5859-6162-C066EDCBF016} = {36D591C7-65C7-A0D1-1CBC-10CDE441BDC8}
		{2D2C3804-628C-48A1-B9FB-31AE6B5BE886} = {36D591C7-65C7-A0D1-1CBC-10CDE441BDC8}
		{7090D7C1-8251-48E3-B5DE-C2566EE867B8} = {36D591C7-65C7-A0D1-1CBC-10CDE441BDC8}
		{61B3C164-9521-457D-9B8E-81CB78A8F6AA} = {36D591C7-65C7-A0D1-1CBC-10CDE441BDC8}
	EndGlobalSection
	GlobalSection(ExtensibilityGlobals) = postSolution
		SolutionGuid = {5444202F-5EBE-44BC-89E6-A0828D3A82BB}
	EndGlobalSection
EndGlobal
