
Microsoft Visual Studio Solution File, Format Version 12.00
# Visual Studio Version 17
VisualStudioVersion = 17.12.35707.178
MinimumVisualStudioVersion = 10.0.40219.1
Project("{FAE04EC0-301F-11D3-BF4B-00C04F79EFBC}") = "FrontendMockApp", "FrontendMockApp\FrontendMockApp.csproj", "{8D0377A6-0AB2-4AC6-B0B9-0B2B702299C7}"
EndProject
Project("{FAE04EC0-301F-11D3-BF4B-00C04F79EFBC}") = "ServerAPIApp", "ServerAPIApp\ServerAPIApp.csproj", "{4661226C-06A6-48A7-A714-F0AB9DF956F5}"
EndProject
Project("{FAE04EC0-301F-11D3-BF4B-00C04F79EFBC}") = "ServerAPIApp.Core", "ServerAPIApp.Core\ServerAPIApp.Core.csproj", "{1754AA79-D18E-41D0-90C3-647E813AAA3D}"
EndProject
Project("{FAE04EC0-301F-11D3-BF4B-00C04F79EFBC}") = "Shared", "Shared\Shared.csproj", "{1CC55F6C-8103-4065-A52B-5A7D7AED84E7}"
EndProject
Project("{FAE04EC0-301F-11D3-BF4B-00C04F79EFBC}") = "DotNetRunner", "Runners\DotNetRunner\DotNetRunner.csproj", "{A62064AA-E964-5859-6162-C066EDCBF016}"
EndProject
Project("{2150E333-8FDC-42A3-9474-1A3956D46DE8}") = "RunnersOnCSharp", "RunnersOnCSharp", "{36D591C7-65C7-A0D1-1CBC-10CDE441BDC8}"
EndProject
Project("{FAE04EC0-301F-11D3-BF4B-00C04F79EFBC}") = "Runners.Shared", "Runners\Runners.Shared\Runners.Shared.csproj", "{1AB4B64E-01DB-47AC-8D15-57E3EA086F0A}"
EndProject
Project("{FAE04EC0-301F-11D3-BF4B-00C04F79EFBC}") = "SwiftRunner", "Runners\SwiftRunner\SwiftRunner.csproj", "{B0C9B807-9F71-4FEF-99B5-6FC08BCA94D5}"
EndProject
Project("{FAE04EC0-301F-11D3-BF4B-00C04F79EFBC}") = "NodeJsRunner", "Runners\NodeJsRunner\NodeJsRunner.csproj", "{2D2C3804-628C-48A1-B9FB-31AE6B5BE886}"
EndProject
Project("{FAE04EC0-301F-11D3-BF4B-00C04F79EFBC}") = "PostgresqlRunner", "Runners\PostgresqlRunner\PostgresqlRunner.csproj", "{95DA2F40-6675-3994-7BFD-8A9AA7D7F264}"
EndProject
Project("{FAE04EC0-301F-11D3-BF4B-00C04F79EFBC}") = "MsSqlRunner", "Runners\MsSqlRunner\MsSqlRunner.csproj", "{12116B3F-FA18-4119-89CD-6EB5FF914932}"
EndProject
Global
	GlobalSection(SolutionConfigurationPlatforms) = preSolution
		Debug|Any CPU = Debug|Any CPU
		Release|Any CPU = Release|Any CPU
	EndGlobalSection
	GlobalSection(ProjectConfigurationPlatforms) = postSolution
		{8D0377A6-0AB2-4AC6-B0B9-0B2B702299C7}.Debug|Any CPU.ActiveCfg = Debug|Any CPU
		{8D0377A6-0AB2-4AC6-B0B9-0B2B702299C7}.Debug|Any CPU.Build.0 = Debug|Any CPU
		{8D0377A6-0AB2-4AC6-B0B9-0B2B702299C7}.Release|Any CPU.ActiveCfg = Release|Any CPU
		{8D0377A6-0AB2-4AC6-B0B9-0B2B702299C7}.Release|Any CPU.Build.0 = Release|Any CPU
		{4661226C-06A6-48A7-A714-F0AB9DF956F5}.Debug|Any CPU.ActiveCfg = Debug|Any CPU
		{4661226C-06A6-48A7-A714-F0AB9DF956F5}.Debug|Any CPU.Build.0 = Debug|Any CPU
		{4661226C-06A6-48A7-A714-F0AB9DF956F5}.Release|Any CPU.ActiveCfg = Release|Any CPU
		{4661226C-06A6-48A7-A714-F0AB9DF956F5}.Release|Any CPU.Build.0 = Release|Any CPU
		{1754AA79-D18E-41D0-90C3-647E813AAA3D}.Debug|Any CPU.ActiveCfg = Debug|Any CPU
		{1754AA79-D18E-41D0-90C3-647E813AAA3D}.Debug|Any CPU.Build.0 = Debug|Any CPU
		{1754AA79-D18E-41D0-90C3-647E813AAA3D}.Release|Any CPU.ActiveCfg = Release|Any CPU
		{1754AA79-D18E-41D0-90C3-647E813AAA3D}.Release|Any CPU.Build.0 = Release|Any CPU
		{1CC55F6C-8103-4065-A52B-5A7D7AED84E7}.Debug|Any CPU.ActiveCfg = Debug|Any CPU
		{1CC55F6C-8103-4065-A52B-5A7D7AED84E7}.Debug|Any CPU.Build.0 = Debug|Any CPU
		{1CC55F6C-8103-4065-A52B-5A7D7AED84E7}.Release|Any CPU.ActiveCfg = Release|Any CPU
		{1CC55F6C-8103-4065-A52B-5A7D7AED84E7}.Release|Any CPU.Build.0 = Release|Any CPU
		{A62064AA-E964-5859-6162-C066EDCBF016}.Debug|Any CPU.ActiveCfg = Debug|Any CPU
		{A62064AA-E964-5859-6162-C066EDCBF016}.Debug|Any CPU.Build.0 = Debug|Any CPU
		{A62064AA-E964-5859-6162-C066EDCBF016}.Release|Any CPU.ActiveCfg = Release|Any CPU
		{A62064AA-E964-5859-6162-C066EDCBF016}.Release|Any CPU.Build.0 = Release|Any CPU
		{1AB4B64E-01DB-47AC-8D15-57E3EA086F0A}.Debug|Any CPU.ActiveCfg = Debug|Any CPU
		{1AB4B64E-01DB-47AC-8D15-57E3EA086F0A}.Debug|Any CPU.Build.0 = Debug|Any CPU
		{1AB4B64E-01DB-47AC-8D15-57E3EA086F0A}.Release|Any CPU.ActiveCfg = Release|Any CPU
		{1AB4B64E-01DB-47AC-8D15-57E3EA086F0A}.Release|Any CPU.Build.0 = Release|Any CPU
		{B0C9B807-9F71-4FEF-99B5-6FC08BCA94D5}.Debug|Any CPU.ActiveCfg = Debug|Any CPU
		{B0C9B807-9F71-4FEF-99B5-6FC08BCA94D5}.Debug|Any CPU.Build.0 = Debug|Any CPU
		{B0C9B807-9F71-4FEF-99B5-6FC08BCA94D5}.Release|Any CPU.ActiveCfg = Release|Any CPU
		{B0C9B807-9F71-4FEF-99B5-6FC08BCA94D5}.Release|Any CPU.Build.0 = Release|Any CPU
		{2D2C3804-628C-48A1-B9FB-31AE6B5BE886}.Debug|Any CPU.ActiveCfg = Debug|Any CPU
		{2D2C3804-628C-48A1-B9FB-31AE6B5BE886}.Debug|Any CPU.Build.0 = Debug|Any CPU
		{2D2C3804-628C-48A1-B9FB-31AE6B5BE886}.Release|Any CPU.ActiveCfg = Release|Any CPU
		{2D2C3804-628C-48A1-B9FB-31AE6B5BE886}.Release|Any CPU.Build.0 = Release|Any CPU
		{95DA2F40-6675-3994-7BFD-8A9AA7D7F264}.Debug|Any CPU.ActiveCfg = Debug|Any CPU
		{95DA2F40-6675-3994-7BFD-8A9AA7D7F264}.Debug|Any CPU.Build.0 = Debug|Any CPU
		{95DA2F40-6675-3994-7BFD-8A9AA7D7F264}.Release|Any CPU.ActiveCfg = Release|Any CPU
		{95DA2F40-6675-3994-7BFD-8A9AA7D7F264}.Release|Any CPU.Build.0 = Release|Any CPU
		{12116B3F-FA18-4119-89CD-6EB5FF914932}.Debug|Any CPU.ActiveCfg = Debug|Any CPU
		{12116B3F-FA18-4119-89CD-6EB5FF914932}.Debug|Any CPU.Build.0 = Debug|Any CPU
		{12116B3F-FA18-4119-89CD-6EB5FF914932}.Release|Any CPU.ActiveCfg = Release|Any CPU
		{12116B3F-FA18-4119-89CD-6EB5FF914932}.Release|Any CPU.Build.0 = Release|Any CPU
	EndGlobalSection
	GlobalSection(SolutionProperties) = preSolution
		HideSolutionNode = FALSE
	EndGlobalSection
	GlobalSection(NestedProjects) = preSolution
		{A62064AA-E964-5859-6162-C066EDCBF016} = {36D591C7-65C7-A0D1-1CBC-10CDE441BDC8}
		{B0C9B807-9F71-4FEF-99B5-6FC08BCA94D5} = {36D591C7-65C7-A0D1-1CBC-10CDE441BDC8}
		{2D2C3804-628C-48A1-B9FB-31AE6B5BE886} = {36D591C7-65C7-A0D1-1CBC-10CDE441BDC8}
		{95DA2F40-6675-3994-7BFD-8A9AA7D7F264} = {36D591C7-65C7-A0D1-1CBC-10CDE441BDC8}
		{12116B3F-FA18-4119-89CD-6EB5FF914932} = {36D591C7-65C7-A0D1-1CBC-10CDE441BDC8}
	EndGlobalSection
	GlobalSection(ExtensibilityGlobals) = postSolution
		SolutionGuid = {5444202F-5EBE-44BC-89E6-A0828D3A82BB}
	EndGlobalSection
EndGlobal
